{
  "version": 4,
  "terraform_version": "1.3.7",
  "serial": 4,
  "lineage": "23176332-213c-f932-307b-b1fea06c0480",
  "outputs": {},
  "resources": [
    {
      "mode": "managed",
      "type": "aws_iam_user",
      "name": "sushil_test_iam_users",
      "provider": "provider[\"registry.terraform.io/hashicorp/aws\"]",
      "instances": [
        {
          "index_key": "jane",
          "schema_version": 0,
          "attributes": {
            "arn": "arn:aws:iam::533795474468:user/jane",
            "force_destroy": false,
            "id": "jane",
            "name": "jane",
            "path": "/",
            "permissions_boundary": null,
            "tags": {
              "country": "INDIA"
            },
            "tags_all": {
              "country": "INDIA"
            },
            "unique_id": "AIDAXYSFQRQSAJ3ASRKX5"
          },
          "sensitive_attributes": [],
          "private": "bnVsbA=="
        },
        {
          "index_key": "ravs",
          "schema_version": 0,
          "attributes": {
            "arn": "arn:aws:iam::533795474468:user/ravs",
            "force_destroy": false,
            "id": "ravs",
            "name": "ravs",
            "path": "/",
            "permissions_boundary": null,
            "tags": {
              "country": "NETHERLANDS"
            },
            "tags_all": {
              "country": "NETHERLANDS"
            },
            "unique_id": "AIDAXYSFQRQSCQNQRHWKC"
          },
          "sensitive_attributes": [],
          "private": "bnVsbA=="
        },
        {
          "index_key": "tom",
          "schema_version": 0,
          "attributes": {
            "arn": "arn:aws:iam::533795474468:user/tom",
            "force_destroy": false,
            "id": "tom",
            "name": "tom",
            "path": "/",
            "permissions_boundary": null,
            "tags": {
              "country": "US"
            },
            "tags_all": {
              "country": "US"
            },
            "unique_id": "AIDAXYSFQRQSBPE7Q3HO4"
          },
          "sensitive_attributes": [],
          "private": "bnVsbA=="
        }
      ]
    }
  ],
  "check_results": null
}
